
Microsoft Visual Studio Solution File, Format Version 12.00
# Visual Studio Version 17
VisualStudioVersion = 17.12.35707.178
MinimumVisualStudioVersion = 10.0.40219.1
Project("{FAE04EC0-301F-11D3-BF4B-00C04F79EFBC}") = "Word Add-ins Tool", "Word Add-ins Tool.csproj", "{B6149C19-5C15-4973-8131-B897402BE9FB}"
EndProject
Global
	GlobalSection(SolutionConfigurationPlatforms) = preSolution
		Debug|x64 = Debug|x64
		Release|x64 = Release|x64
	EndGlobalSection
	GlobalSection(ProjectConfigurationPlatforms) = postSolution
		{B6149C19-5C15-4973-8131-B897402BE9FB}.Debug|x64.ActiveCfg = Debug|x64
		{B6149C19-5C15-4973-8131-B897402BE9FB}.Debug|x64.Build.0 = Debug|x64
		{B6149C19-5C15-4973-8131-B897402BE9FB}.Release|x64.ActiveCfg = Release|x64
		{B6149C19-5C15-4973-8131-B897402BE9FB}.Release|x64.Build.0 = Release|x64
	EndGlobalSection
	GlobalSection(SolutionProperties) = preSolution
		HideSolutionNode = FALSE
	EndGlobalSection
	GlobalSection(ExtensibilityGlobals) = postSolution
		SolutionGuid = {E0DE993B-F1F7-4560-A4B5-F192C80AF2F7}
	EndGlobalSection
EndGlobal
